// !$*UTF8*$!
{
	archiveVersion = 1;
	classes = {
	};
	objectVersion = 51;
	objects = {

/* Begin PBXBuildFile section */
		9C3F8A23588F970C17C2A7FE /* Pods_GoogleAuth_Calendar.framework in Frameworks */ = {isa = PBXBuildFile; fileRef = 8FA755CFA45E7531F8A1315B /* Pods_GoogleAuth_Calendar.framework */; };
		F1A7B17B24DE02E200704C13 /* AppDelegate.swift in Sources */ = {isa = PBXBuildFile; fileRef = F1A7B17A24DE02E200704C13 /* AppDelegate.swift */; };
		F1A7B17D24DE02E200704C13 /* SceneDelegate.swift in Sources */ = {isa = PBXBuildFile; fileRef = F1A7B17C24DE02E200704C13 /* SceneDelegate.swift */; };
		F1A7B17F24DE02E200704C13 /* ViewController.swift in Sources */ = {isa = PBXBuildFile; fileRef = F1A7B17E24DE02E200704C13 /* ViewController.swift */; };
		F1A7B18224DE02E200704C13 /* Main.storyboard in Resources */ = {isa = PBXBuildFile; fileRef = F1A7B18024DE02E200704C13 /* Main.storyboard */; };
		F1A7B18424DE02E600704C13 /* Assets.xcassets in Resources */ = {isa = PBXBuildFile; fileRef = F1A7B18324DE02E600704C13 /* Assets.xcassets */; };
		F1A7B18724DE02E600704C13 /* LaunchScreen.storyboard in Resources */ = {isa = PBXBuildFile; fileRef = F1A7B18524DE02E600704C13 /* LaunchScreen.storyboard */; };
		F1A7B19224DE0C6E00704C13 /* credentials.plist in Resources */ = {isa = PBXBuildFile; fileRef = F1A7B19124DE0C6E00704C13 /* credentials.plist */; };
/* End PBXBuildFile section */

/* Begin PBXFileReference section */
		15901A728DF71CD9F38533FE /* Pods-GoogleAuth+Calendar.release.xcconfig */ = {isa = PBXFileReference; includeInIndex = 1; lastKnownFileType = text.xcconfig; name = "Pods-GoogleAuth+Calendar.release.xcconfig"; path = "Target Support Files/Pods-GoogleAuth+Calendar/Pods-GoogleAuth+Calendar.release.xcconfig"; sourceTree = "<group>"; };
		27C4A580C863379646A69982 /* Pods-GoogleAuth+Calendar.debug.xcconfig */ = {isa = PBXFileReference; includeInIndex = 1; lastKnownFileType = text.xcconfig; name = "Pods-GoogleAuth+Calendar.debug.xcconfig"; path = "Target Support Files/Pods-GoogleAuth+Calendar/Pods-GoogleAuth+Calendar.debug.xcconfig"; sourceTree = "<group>"; };
		8FA755CFA45E7531F8A1315B /* Pods_GoogleAuth_Calendar.framework */ = {isa = PBXFileReference; explicitFileType = wrapper.framework; includeInIndex = 0; path = Pods_GoogleAuth_Calendar.framework; sourceTree = BUILT_PRODUCTS_DIR; };
		F1A7B17724DE02E200704C13 /* GoogleAuth+Calendar.app */ = {isa = PBXFileReference; explicitFileType = wrapper.application; includeInIndex = 0; path = "GoogleAuth+Calendar.app"; sourceTree = BUILT_PRODUCTS_DIR; };
		F1A7B17A24DE02E200704C13 /* AppDelegate.swift */ = {isa = PBXFileReference; lastKnownFileType = sourcecode.swift; path = AppDelegate.swift; sourceTree = "<group>"; };
		F1A7B17C24DE02E200704C13 /* SceneDelegate.swift */ = {isa = PBXFileReference; lastKnownFileType = sourcecode.swift; path = SceneDelegate.swift; sourceTree = "<group>"; };
		F1A7B17E24DE02E200704C13 /* ViewController.swift */ = {isa = PBXFileReference; lastKnownFileType = sourcecode.swift; path = ViewController.swift; sourceTree = "<group>"; };
		F1A7B18124DE02E200704C13 /* Base */ = {isa = PBXFileReference; lastKnownFileType = file.storyboard; name = Base; path = Base.lproj/Main.storyboard; sourceTree = "<group>"; };
		F1A7B18324DE02E600704C13 /* Assets.xcassets */ = {isa = PBXFileReference; lastKnownFileType = folder.assetcatalog; path = Assets.xcassets; sourceTree = "<group>"; };
		F1A7B18624DE02E600704C13 /* Base */ = {isa = PBXFileReference; lastKnownFileType = file.storyboard; name = Base; path = Base.lproj/LaunchScreen.storyboard; sourceTree = "<group>"; };
		F1A7B18824DE02E600704C13 /* Info.plist */ = {isa = PBXFileReference; lastKnownFileType = text.plist.xml; path = Info.plist; sourceTree = "<group>"; };
		F1A7B19124DE0C6E00704C13 /* credentials.plist */ = {isa = PBXFileReference; fileEncoding = 4; lastKnownFileType = text.plist.xml; path = credentials.plist; sourceTree = "<group>"; };
/* End PBXFileReference section */

/* Begin PBXFrameworksBuildPhase section */
		F1A7B17424DE02E200704C13 /* Frameworks */ = {
			isa = PBXFrameworksBuildPhase;
			buildActionMask = 2147483647;
			files = (
				9C3F8A23588F970C17C2A7FE /* Pods_GoogleAuth_Calendar.framework in Frameworks */,
			);
			runOnlyForDeploymentPostprocessing = 0;
		};
/* End PBXFrameworksBuildPhase section */

/* Begin PBXGroup section */
		919A0C6C130CC46660594600 /* Frameworks */ = {
			isa = PBXGroup;
			children = (
				8FA755CFA45E7531F8A1315B /* Pods_GoogleAuth_Calendar.framework */,
			);
			name = Frameworks;
			sourceTree = "<group>";
		};
		EFDC75259DFFB47077F7E65C /* Pods */ = {
			isa = PBXGroup;
			children = (
				27C4A580C863379646A69982 /* Pods-GoogleAuth+Calendar.debug.xcconfig */,
				15901A728DF71CD9F38533FE /* Pods-GoogleAuth+Calendar.release.xcconfig */,
			);
			path = Pods;
			sourceTree = "<group>";
		};
		F1A7B16E24DE02E200704C13 = {
			isa = PBXGroup;
			children = (
				F1A7B17924DE02E200704C13 /* GoogleAuth+Calendar */,
				F1A7B17824DE02E200704C13 /* Products */,
				EFDC75259DFFB47077F7E65C /* Pods */,
				919A0C6C130CC46660594600 /* Frameworks */,
			);
			sourceTree = "<group>";
		};
		F1A7B17824DE02E200704C13 /* Products */ = {
			isa = PBXGroup;
			children = (
				F1A7B17724DE02E200704C13 /* GoogleAuth+Calendar.app */,
			);
			name = Products;
			sourceTree = "<group>";
		};
		F1A7B17924DE02E200704C13 /* GoogleAuth+Calendar */ = {
			isa = PBXGroup;
			children = (
				F1A7B19024DE0BE800704C13 /* Secrets */,
				F1A7B17A24DE02E200704C13 /* AppDelegate.swift */,
				F1A7B17C24DE02E200704C13 /* SceneDelegate.swift */,
				F1A7B17E24DE02E200704C13 /* ViewController.swift */,
				F1A7B18024DE02E200704C13 /* Main.storyboard */,
				F1A7B18324DE02E600704C13 /* Assets.xcassets */,
				F1A7B18524DE02E600704C13 /* LaunchScreen.storyboard */,
				F1A7B18824DE02E600704C13 /* Info.plist */,
			);
			path = "GoogleAuth+Calendar";
			sourceTree = "<group>";
		};
		F1A7B19024DE0BE800704C13 /* Secrets */ = {
			isa = PBXGroup;
			children = (
				F1A7B19124DE0C6E00704C13 /* credentials.plist */,
			);
			path = Secrets;
			sourceTree = "<group>";
		};
/* End PBXGroup section */

/* Begin PBXNativeTarget section */
		F1A7B17624DE02E200704C13 /* GoogleAuth+Calendar */ = {
			isa = PBXNativeTarget;
			buildConfigurationList = F1A7B18B24DE02E600704C13 /* Build configuration list for PBXNativeTarget "GoogleAuth+Calendar" */;
			buildPhases = (
				81FCF3485C534483E7DC28CB /* [CP] Check Pods Manifest.lock */,
				F1A7B17324DE02E200704C13 /* Sources */,
				F1A7B17424DE02E200704C13 /* Frameworks */,
				F1A7B17524DE02E200704C13 /* Resources */,
				C925852726D95961A534B27F /* [CP] Embed Pods Frameworks */,
				689A62C6C824B9E33A83C5C3 /* [CP] Copy Pods Resources */,
			);
			buildRules = (
			);
			dependencies = (
			);
			name = "GoogleAuth+Calendar";
			productName = "GoogleAuth+Calendar";
			productReference = F1A7B17724DE02E200704C13 /* GoogleAuth+Calendar.app */;
			productType = "com.apple.product-type.application";
		};
/* End PBXNativeTarget section */

/* Begin PBXProject section */
		F1A7B16F24DE02E200704C13 /* Project object */ = {
			isa = PBXProject;
			attributes = {
				LastSwiftUpdateCheck = 1160;
				LastUpgradeCheck = 1160;
				ORGANIZATIONNAME = "Bienbenido Angeles";
				TargetAttributes = {
					F1A7B17624DE02E200704C13 = {
						CreatedOnToolsVersion = 11.6;
					};
				};
			};
			buildConfigurationList = F1A7B17224DE02E200704C13 /* Build configuration list for PBXProject "GoogleAuth+Calendar" */;
			compatibilityVersion = "Xcode 9.3";
			developmentRegion = en;
			hasScannedForEncodings = 0;
			knownRegions = (
				en,
				Base,
			);
			mainGroup = F1A7B16E24DE02E200704C13;
			productRefGroup = F1A7B17824DE02E200704C13 /* Products */;
			projectDirPath = "";
			projectRoot = "";
			targets = (
				F1A7B17624DE02E200704C13 /* GoogleAuth+Calendar */,
			);
		};
/* End PBXProject section */

/* Begin PBXResourcesBuildPhase section */
		F1A7B17524DE02E200704C13 /* Resources */ = {
			isa = PBXResourcesBuildPhase;
			buildActionMask = 2147483647;
			files = (
				F1A7B18724DE02E600704C13 /* LaunchScreen.storyboard in Resources */,
				F1A7B19224DE0C6E00704C13 /* credentials.plist in Resources */,
				F1A7B18424DE02E600704C13 /* Assets.xcassets in Resources */,
				F1A7B18224DE02E200704C13 /* Main.storyboard in Resources */,
			);
			runOnlyForDeploymentPostprocessing = 0;
		};
/* End PBXResourcesBuildPhase section */

/* Begin PBXShellScriptBuildPhase section */
		689A62C6C824B9E33A83C5C3 /* [CP] Copy Pods Resources */ = {
			isa = PBXShellScriptBuildPhase;
			buildActionMask = 2147483647;
			files = (
			);
			inputFileListPaths = (
				"${PODS_ROOT}/Target Support Files/Pods-GoogleAuth+Calendar/Pods-GoogleAuth+Calendar-resources-${CONFIGURATION}-input-files.xcfilelist",
			);
			name = "[CP] Copy Pods Resources";
			outputFileListPaths = (
				"${PODS_ROOT}/Target Support Files/Pods-GoogleAuth+Calendar/Pods-GoogleAuth+Calendar-resources-${CONFIGURATION}-output-files.xcfilelist",
			);
			runOnlyForDeploymentPostprocessing = 0;
			shellPath = /bin/sh;
			shellScript = "\"${PODS_ROOT}/Target Support Files/Pods-GoogleAuth+Calendar/Pods-GoogleAuth+Calendar-resources.sh\"\n";
			showEnvVarsInLog = 0;
		};
		81FCF3485C534483E7DC28CB /* [CP] Check Pods Manifest.lock */ = {
			isa = PBXShellScriptBuildPhase;
			buildActionMask = 2147483647;
			files = (
			);
			inputFileListPaths = (
			);
			inputPaths = (
				"${PODS_PODFILE_DIR_PATH}/Podfile.lock",
				"${PODS_ROOT}/Manifest.lock",
			);
			name = "[CP] Check Pods Manifest.lock";
			outputFileListPaths = (
			);
			outputPaths = (
				"$(DERIVED_FILE_DIR)/Pods-GoogleAuth+Calendar-checkManifestLockResult.txt",
			);
			runOnlyForDeploymentPostprocessing = 0;
			shellPath = /bin/sh;
			shellScript = "diff \"${PODS_PODFILE_DIR_PATH}/Podfile.lock\" \"${PODS_ROOT}/Manifest.lock\" > /dev/null\nif [ $? != 0 ] ; then\n    # print error to STDERR\n    echo \"error: The sandbox is not in sync with the Podfile.lock. Run 'pod install' or update your CocoaPods installation.\" >&2\n    exit 1\nfi\n# This output is used by Xcode 'outputs' to avoid re-running this script phase.\necho \"SUCCESS\" > \"${SCRIPT_OUTPUT_FILE_0}\"\n";
			showEnvVarsInLog = 0;
		};
		C925852726D95961A534B27F /* [CP] Embed Pods Frameworks */ = {
			isa = PBXShellScriptBuildPhase;
			buildActionMask = 2147483647;
			files = (
			);
			inputFileListPaths = (
				"${PODS_ROOT}/Target Support Files/Pods-GoogleAuth+Calendar/Pods-GoogleAuth+Calendar-frameworks-${CONFIGURATION}-input-files.xcfilelist",
			);
			name = "[CP] Embed Pods Frameworks";
			outputFileListPaths = (
				"${PODS_ROOT}/Target Support Files/Pods-GoogleAuth+Calendar/Pods-GoogleAuth+Calendar-frameworks-${CONFIGURATION}-output-files.xcfilelist",
			);
			runOnlyForDeploymentPostprocessing = 0;
			shellPath = /bin/sh;
			shellScript = "\"${PODS_ROOT}/Target Support Files/Pods-GoogleAuth+Calendar/Pods-GoogleAuth+Calendar-frameworks.sh\"\n";
			showEnvVarsInLog = 0;
		};
/* End PBXShellScriptBuildPhase section */

/* Begin PBXSourcesBuildPhase section */
		F1A7B17324DE02E200704C13 /* Sources */ = {
			isa = PBXSourcesBuildPhase;
			buildActionMask = 2147483647;
			files = (
				F1A7B17F24DE02E200704C13 /* ViewController.swift in Sources */,
				F1A7B17B24DE02E200704C13 /* AppDelegate.swift in Sources */,
				F1A7B17D24DE02E200704C13 /* SceneDelegate.swift in Sources */,
			);
			runOnlyForDeploymentPostprocessing = 0;
		};
/* End PBXSourcesBuildPhase section */

/* Begin PBXVariantGroup section */
		F1A7B18024DE02E200704C13 /* Main.storyboard */ = {
			isa = PBXVariantGroup;
			children = (
				F1A7B18124DE02E200704C13 /* Base */,
			);
			name = Main.storyboard;
			sourceTree = "<group>";
		};
		F1A7B18524DE02E600704C13 /* LaunchScreen.storyboard */ = {
			isa = PBXVariantGroup;
			children = (
				F1A7B18624DE02E600704C13 /* Base */,
			);
			name = LaunchScreen.storyboard;
			sourceTree = "<group>";
		};
/* End PBXVariantGroup section */

/* Begin XCBuildConfiguration section */
		F1A7B18924DE02E600704C13 /* Debug */ = {
			isa = XCBuildConfiguration;
			buildSettings = {
				ALWAYS_SEARCH_USER_PATHS = NO;
				CLANG_ANALYZER_NONNULL = YES;
				CLANG_ANALYZER_NUMBER_OBJECT_CONVERSION = YES_AGGRESSIVE;
				CLANG_CXX_LANGUAGE_STANDARD = "gnu++14";
				CLANG_CXX_LIBRARY = "libc++";
				CLANG_ENABLE_MODULES = YES;
				CLANG_ENABLE_OBJC_ARC = YES;
				CLANG_ENABLE_OBJC_WEAK = YES;
				CLANG_WARN_BLOCK_CAPTURE_AUTORELEASING = YES;
				CLANG_WARN_BOOL_CONVERSION = YES;
				CLANG_WARN_COMMA = YES;
				CLANG_WARN_CONSTANT_CONVERSION = YES;
				CLANG_WARN_DEPRECATED_OBJC_IMPLEMENTATIONS = YES;
				CLANG_WARN_DIRECT_OBJC_ISA_USAGE = YES_ERROR;
				CLANG_WARN_DOCUMENTATION_COMMENTS = YES;
				CLANG_WARN_EMPTY_BODY = YES;
				CLANG_WARN_ENUM_CONVERSION = YES;
				CLANG_WARN_INFINITE_RECURSION = YES;
				CLANG_WARN_INT_CONVERSION = YES;
				CLANG_WARN_NON_LITERAL_NULL_CONVERSION = YES;
				CLANG_WARN_OBJC_IMPLICIT_RETAIN_SELF = YES;
				CLANG_WARN_OBJC_LITERAL_CONVERSION = YES;
				CLANG_WARN_OBJC_ROOT_CLASS = YES_ERROR;
				CLANG_WARN_RANGE_LOOP_ANALYSIS = YES;
				CLANG_WARN_STRICT_PROTOTYPES = YES;
				CLANG_WARN_SUSPICIOUS_MOVE = YES;
				CLANG_WARN_UNGUARDED_AVAILABILITY = YES_AGGRESSIVE;
				CLANG_WARN_UNREACHABLE_CODE = YES;
				CLANG_WARN__DUPLICATE_METHOD_MATCH = YES;
				COPY_PHASE_STRIP = NO;
				DEBUG_INFORMATION_FORMAT = dwarf;
				ENABLE_STRICT_OBJC_MSGSEND = YES;
				ENABLE_TESTABILITY = YES;
				GCC_C_LANGUAGE_STANDARD = gnu11;
				GCC_DYNAMIC_NO_PIC = NO;
				GCC_NO_COMMON_BLOCKS = YES;
				GCC_OPTIMIZATION_LEVEL = 0;
				GCC_PREPROCESSOR_DEFINITIONS = (
					"DEBUG=1",
					"$(inherited)",
				);
				GCC_WARN_64_TO_32_BIT_CONVERSION = YES;
				GCC_WARN_ABOUT_RETURN_TYPE = YES_ERROR;
				GCC_WARN_UNDECLARED_SELECTOR = YES;
				GCC_WARN_UNINITIALIZED_AUTOS = YES_AGGRESSIVE;
				GCC_WARN_UNUSED_FUNCTION = YES;
				GCC_WARN_UNUSED_VARIABLE = YES;
				IPHONEOS_DEPLOYMENT_TARGET = 13.6;
				MTL_ENABLE_DEBUG_INFO = INCLUDE_SOURCE;
				MTL_FAST_MATH = YES;
				ONLY_ACTIVE_ARCH = YES;
				SDKROOT = iphoneos;
				SWIFT_ACTIVE_COMPILATION_CONDITIONS = DEBUG;
				SWIFT_OPTIMIZATION_LEVEL = "-Onone";
			};
			name = Debug;
		};
		F1A7B18A24DE02E600704C13 /* Release */ = {
			isa = XCBuildConfiguration;
			buildSettings = {
				ALWAYS_SEARCH_USER_PATHS = NO;
				CLANG_ANALYZER_NONNULL = YES;
				CLANG_ANALYZER_NUMBER_OBJECT_CONVERSION = YES_AGGRESSIVE;
				CLANG_CXX_LANGUAGE_STANDARD = "gnu++14";
				CLANG_CXX_LIBRARY = "libc++";
				CLANG_ENABLE_MODULES = YES;
				CLANG_ENABLE_OBJC_ARC = YES;
				CLANG_ENABLE_OBJC_WEAK = YES;
				CLANG_WARN_BLOCK_CAPTURE_AUTORELEASING = YES;
				CLANG_WARN_BOOL_CONVERSION = YES;
				CLANG_WARN_COMMA = YES;
				CLANG_WARN_CONSTANT_CONVERSION = YES;
				CLANG_WARN_DEPRECATED_OBJC_IMPLEMENTATIONS = YES;
				CLANG_WARN_DIRECT_OBJC_ISA_USAGE = YES_ERROR;
				CLANG_WARN_DOCUMENTATION_COMMENTS = YES;
				CLANG_WARN_EMPTY_BODY = YES;
				CLANG_WARN_ENUM_CONVERSION = YES;
				CLANG_WARN_INFINITE_RECURSION = YES;
				CLANG_WARN_INT_CONVERSION = YES;
				CLANG_WARN_NON_LITERAL_NULL_CONVERSION = YES;
				CLANG_WARN_OBJC_IMPLICIT_RETAIN_SELF = YES;
				CLANG_WARN_OBJC_LITERAL_CONVERSION = YES;
				CLANG_WARN_OBJC_ROOT_CLASS = YES_ERROR;
				CLANG_WARN_RANGE_LOOP_ANALYSIS = YES;
				CLANG_WARN_STRICT_PROTOTYPES = YES;
				CLANG_WARN_SUSPICIOUS_MOVE = YES;
				CLANG_WARN_UNGUARDED_AVAILABILITY = YES_AGGRESSIVE;
				CLANG_WARN_UNREACHABLE_CODE = YES;
				CLANG_WARN__DUPLICATE_METHOD_MATCH = YES;
				COPY_PHASE_STRIP = NO;
				DEBUG_INFORMATION_FORMAT = "dwarf-with-dsym";
				ENABLE_NS_ASSERTIONS = NO;
				ENABLE_STRICT_OBJC_MSGSEND = YES;
				GCC_C_LANGUAGE_STANDARD = gnu11;
				GCC_NO_COMMON_BLOCKS = YES;
				GCC_WARN_64_TO_32_BIT_CONVERSION = YES;
				GCC_WARN_ABOUT_RETURN_TYPE = YES_ERROR;
				GCC_WARN_UNDECLARED_SELECTOR = YES;
				GCC_WARN_UNINITIALIZED_AUTOS = YES_AGGRESSIVE;
				GCC_WARN_UNUSED_FUNCTION = YES;
				GCC_WARN_UNUSED_VARIABLE = YES;
				IPHONEOS_DEPLOYMENT_TARGET = 13.6;
				MTL_ENABLE_DEBUG_INFO = NO;
				MTL_FAST_MATH = YES;
				SDKROOT = iphoneos;
				SWIFT_COMPILATION_MODE = wholemodule;
				SWIFT_OPTIMIZATION_LEVEL = "-O";
				VALIDATE_PRODUCT = YES;
			};
			name = Release;
		};
		F1A7B18C24DE02E600704C13 /* Debug */ = {
			isa = XCBuildConfiguration;
			baseConfigurationReference = 27C4A580C863379646A69982 /* Pods-GoogleAuth+Calendar.debug.xcconfig */;
			buildSettings = {
				ASSETCATALOG_COMPILER_APPICON_NAME = AppIcon;
				CODE_SIGN_STYLE = Automatic;
				DEVELOPMENT_TEAM = QZLWJATC87;
				INFOPLIST_FILE = "GoogleAuth+Calendar/Info.plist";
				LD_RUNPATH_SEARCH_PATHS = (
					"$(inherited)",
					"@executable_path/Frameworks",
				);
				PRODUCT_BUNDLE_IDENTIFIER = "com.BienbenidoAngeles.GoogleAuth-Calendar";
				PRODUCT_NAME = "$(TARGET_NAME)";
				SWIFT_VERSION = 5.0;
				TARGETED_DEVICE_FAMILY = "1,2";
			};
			name = Debug;
		};
		F1A7B18D24DE02E600704C13 /* Release */ = {
			isa = XCBuildConfiguration;
			baseConfigurationReference = 15901A728DF71CD9F38533FE /* Pods-GoogleAuth+Calendar.release.xcconfig */;
			buildSettings = {
				ASSETCATALOG_COMPILER_APPICON_NAME = AppIcon;
				CODE_SIGN_STYLE = Automatic;
				DEVELOPMENT_TEAM = QZLWJATC87;
				INFOPLIST_FILE = "GoogleAuth+Calendar/Info.plist";
				LD_RUNPATH_SEARCH_PATHS = (
					"$(inherited)",
					"@executable_path/Frameworks",
				);
				PRODUCT_BUNDLE_IDENTIFIER = "com.BienbenidoAngeles.GoogleAuth-Calendar";
				PRODUCT_NAME = "$(TARGET_NAME)";
				SWIFT_VERSION = 5.0;
				TARGETED_DEVICE_FAMILY = "1,2";
			};
			name = Release;
		};
/* End XCBuildConfiguration section */

/* Begin XCConfigurationList section */
		F1A7B17224DE02E200704C13 /* Build configuration list for PBXProject "GoogleAuth+Calendar" */ = {
			isa = XCConfigurationList;
			buildConfigurations = (
				F1A7B18924DE02E600704C13 /* Debug */,
				F1A7B18A24DE02E600704C13 /* Release */,
			);
			defaultConfigurationIsVisible = 0;
			defaultConfigurationName = Release;
		};
		F1A7B18B24DE02E600704C13 /* Build configuration list for PBXNativeTarget "GoogleAuth+Calendar" */ = {
			isa = XCConfigurationList;
			buildConfigurations = (
				F1A7B18C24DE02E600704C13 /* Debug */,
				F1A7B18D24DE02E600704C13 /* Release */,
			);
			defaultConfigurationIsVisible = 0;
			defaultConfigurationName = Release;
		};
/* End XCConfigurationList section */
	};
	rootObject = F1A7B16F24DE02E200704C13 /* Project object */;
}
